
Microsoft Visual Studio Solution File, Format Version 12.00
# Visual Studio Version 16
VisualStudioVersion = 16.0.29519.87
MinimumVisualStudioVersion = 10.0.40219.1
Project("{FAE04EC0-301F-11D3-BF4B-00C04F79EFBC}") = "NotasNaoLancadas_Speed_Controle", "NotasNaoLancadas_Speed_Controle\NotasNaoLancadas_Speed_Controle.csproj", "{4B791276-8623-4B59-9188-DCBBBAC114CB}"
EndProject
Global
	GlobalSection(SolutionConfigurationPlatforms) = preSolution
		Debug|Any CPU = Debug|Any CPU
		Release|Any CPU = Release|Any CPU
	EndGlobalSection
	GlobalSection(ProjectConfigurationPlatforms) = postSolution
		{4B791276-8623-4B59-9188-DCBBBAC114CB}.Debug|Any CPU.ActiveCfg = Debug|Any CPU
		{4B791276-8623-4B59-9188-DCBBBAC114CB}.Debug|Any CPU.Build.0 = Debug|Any CPU
		{4B791276-8623-4B59-9188-DCBBBAC114CB}.Release|Any CPU.ActiveCfg = Release|Any CPU
		{4B791276-8623-4B59-9188-DCBBBAC114CB}.Release|Any CPU.Build.0 = Release|Any CPU
	EndGlobalSection
	GlobalSection(SolutionProperties) = preSolution
		HideSolutionNode = FALSE
	EndGlobalSection
	GlobalSection(ExtensibilityGlobals) = postSolution
		SolutionGuid = {63AF7A95-CA68-46E7-A8F8-BD2448ABCAA7}
	EndGlobalSection
EndGlobal
